
Microsoft Visual Studio Solution File, Format Version 12.00
# Visual Studio Version 17
VisualStudioVersion = 17.3.32825.248
MinimumVisualStudioVersion = 10.0.40219.1
Project("{FAE04EC0-301F-11D3-BF4B-00C04F79EFBC}") = "Devs2Blu.ProjetosAula.IntegrarAPI", "src\Devs2Blu.ProjetosAula.IntegrarAPI\Devs2Blu.ProjetosAula.IntegrarAPI.csproj", "{CE61F338-22E4-43EF-B8B6-E0333A3E4B58}"
EndProject
Global
	GlobalSection(SolutionConfigurationPlatforms) = preSolution
		Debug|Any CPU = Debug|Any CPU
		Release|Any CPU = Release|Any CPU
	EndGlobalSection
	GlobalSection(ProjectConfigurationPlatforms) = postSolution
		{CE61F338-22E4-43EF-B8B6-E0333A3E4B58}.Debug|Any CPU.ActiveCfg = Debug|Any CPU
		{CE61F338-22E4-43EF-B8B6-E0333A3E4B58}.Debug|Any CPU.Build.0 = Debug|Any CPU
		{CE61F338-22E4-43EF-B8B6-E0333A3E4B58}.Release|Any CPU.ActiveCfg = Release|Any CPU
		{CE61F338-22E4-43EF-B8B6-E0333A3E4B58}.Release|Any CPU.Build.0 = Release|Any CPU
	EndGlobalSection
	GlobalSection(SolutionProperties) = preSolution
		HideSolutionNode = FALSE
	EndGlobalSection
	GlobalSection(ExtensibilityGlobals) = postSolution
		SolutionGuid = {571E97B1-662B-4BF9-8AB0-DD97C1F2A3B1}
	EndGlobalSection
EndGlobal
